
Microsoft Visual Studio Solution File, Format Version 12.00
# Visual Studio Version 16
VisualStudioVersion = 16.0.30717.126
MinimumVisualStudioVersion = 10.0.40219.1
Project("{FAE04EC0-301F-11D3-BF4B-00C04F79EFBC}") = "v7Moxel", "v7Moxel\v7Moxel.csproj", "{C896056B-D75B-49E0-9D56-871B75F5DE51}"
EndProject
Project("{FAE04EC0-301F-11D3-BF4B-00C04F79EFBC}") = "MoxelConverter", "MoxelConverter\MoxelConverter.csproj", "{74A03E11-C223-4896-B896-D3F9677E88EA}"
EndProject
Project("{FAE04EC0-301F-11D3-BF4B-00C04F79EFBC}") = "TaskRunnner", "TaskRunnner\TaskRunnner.csproj", "{505F2217-3CD3-4AA1-84EA-F09E7CEDB8B2}"
EndProject
Global
	GlobalSection(SolutionConfigurationPlatforms) = preSolution
		Debug|Any CPU = Debug|Any CPU
		Debug|x64 = Debug|x64
		Debug|x86 = Debug|x86
		Release|Any CPU = Release|Any CPU
		Release|x64 = Release|x64
		Release|x86 = Release|x86
	EndGlobalSection
	GlobalSection(ProjectConfigurationPlatforms) = postSolution
		{C896056B-D75B-49E0-9D56-871B75F5DE51}.Debug|Any CPU.ActiveCfg = Debug|Any CPU
		{C896056B-D75B-49E0-9D56-871B75F5DE51}.Debug|Any CPU.Build.0 = Debug|Any CPU
		{C896056B-D75B-49E0-9D56-871B75F5DE51}.Debug|x64.ActiveCfg = Debug|x64
		{C896056B-D75B-49E0-9D56-871B75F5DE51}.Debug|x64.Build.0 = Debug|x64
		{C896056B-D75B-49E0-9D56-871B75F5DE51}.Debug|x86.ActiveCfg = Debug|Any CPU
		{C896056B-D75B-49E0-9D56-871B75F5DE51}.Debug|x86.Build.0 = Debug|Any CPU
		{C896056B-D75B-49E0-9D56-871B75F5DE51}.Release|Any CPU.ActiveCfg = Release|Any CPU
		{C896056B-D75B-49E0-9D56-871B75F5DE51}.Release|Any CPU.Build.0 = Release|Any CPU
		{C896056B-D75B-49E0-9D56-871B75F5DE51}.Release|x64.ActiveCfg = Release|x64
		{C896056B-D75B-49E0-9D56-871B75F5DE51}.Release|x64.Build.0 = Release|x64
		{C896056B-D75B-49E0-9D56-871B75F5DE51}.Release|x86.ActiveCfg = Release|Any CPU
		{C896056B-D75B-49E0-9D56-871B75F5DE51}.Release|x86.Build.0 = Release|Any CPU
		{74A03E11-C223-4896-B896-D3F9677E88EA}.Debug|Any CPU.ActiveCfg = Debug|Any CPU
		{74A03E11-C223-4896-B896-D3F9677E88EA}.Debug|Any CPU.Build.0 = Debug|Any CPU
		{74A03E11-C223-4896-B896-D3F9677E88EA}.Debug|x64.ActiveCfg = Debug|x64
		{74A03E11-C223-4896-B896-D3F9677E88EA}.Debug|x64.Build.0 = Debug|x64
		{74A03E11-C223-4896-B896-D3F9677E88EA}.Debug|x86.ActiveCfg = Debug|Any CPU
		{74A03E11-C223-4896-B896-D3F9677E88EA}.Debug|x86.Build.0 = Debug|Any CPU
		{74A03E11-C223-4896-B896-D3F9677E88EA}.Release|Any CPU.ActiveCfg = Release|Any CPU
		{74A03E11-C223-4896-B896-D3F9677E88EA}.Release|Any CPU.Build.0 = Release|Any CPU
		{74A03E11-C223-4896-B896-D3F9677E88EA}.Release|x64.ActiveCfg = Release|x64
		{74A03E11-C223-4896-B896-D3F9677E88EA}.Release|x64.Build.0 = Release|x64
		{74A03E11-C223-4896-B896-D3F9677E88EA}.Release|x86.ActiveCfg = Release|Any CPU
		{74A03E11-C223-4896-B896-D3F9677E88EA}.Release|x86.Build.0 = Release|Any CPU
		{505F2217-3CD3-4AA1-84EA-F09E7CEDB8B2}.Debug|Any CPU.ActiveCfg = Debug|x64
		{505F2217-3CD3-4AA1-84EA-F09E7CEDB8B2}.Debug|Any CPU.Build.0 = Debug|x64
		{505F2217-3CD3-4AA1-84EA-F09E7CEDB8B2}.Debug|x64.ActiveCfg = Debug|x64
		{505F2217-3CD3-4AA1-84EA-F09E7CEDB8B2}.Debug|x64.Build.0 = Debug|x64
		{505F2217-3CD3-4AA1-84EA-F09E7CEDB8B2}.Debug|x86.ActiveCfg = Debug|Any CPU
		{505F2217-3CD3-4AA1-84EA-F09E7CEDB8B2}.Debug|x86.Build.0 = Debug|Any CPU
		{505F2217-3CD3-4AA1-84EA-F09E7CEDB8B2}.Release|Any CPU.ActiveCfg = Release|Any CPU
		{505F2217-3CD3-4AA1-84EA-F09E7CEDB8B2}.Release|Any CPU.Build.0 = Release|Any CPU
		{505F2217-3CD3-4AA1-84EA-F09E7CEDB8B2}.Release|x64.ActiveCfg = Release|x64
		{505F2217-3CD3-4AA1-84EA-F09E7CEDB8B2}.Release|x64.Build.0 = Release|x64
		{505F2217-3CD3-4AA1-84EA-F09E7CEDB8B2}.Release|x86.ActiveCfg = Release|Any CPU
		{505F2217-3CD3-4AA1-84EA-F09E7CEDB8B2}.Release|x86.Build.0 = Release|Any CPU
	EndGlobalSection
	GlobalSection(SolutionProperties) = preSolution
		HideSolutionNode = FALSE
	EndGlobalSection
	GlobalSection(ExtensibilityGlobals) = postSolution
		SolutionGuid = {6D09093E-7254-47D3-B31C-27C45E648AEB}
	EndGlobalSection
EndGlobal
